
Microsoft Visual Studio Solution File, Format Version 12.00
# Visual Studio Version 17
VisualStudioVersion = 17.5.33516.290
MinimumVisualStudioVersion = 10.0.40219.1
Project("{8BC9CEB8-8B4A-11D0-8D11-00A0C91BC942}") = "tetris", "tetris\tetris.vcxproj", "{B7F3D4E8-F488-4E6F-9CA4-8169BB1BC05D}"
EndProject
Global
	GlobalSection(SolutionConfigurationPlatforms) = preSolution
		Debug|x64 = Debug|x64
		Debug|x86 = Debug|x86
		Release|x64 = Release|x64
		Release|x86 = Release|x86
	EndGlobalSection
	GlobalSection(ProjectConfigurationPlatforms) = postSolution
		{B7F3D4E8-F488-4E6F-9CA4-8169BB1BC05D}.Debug|x64.ActiveCfg = Debug|x64
		{B7F3D4E8-F488-4E6F-9CA4-8169BB1BC05D}.Debug|x64.Build.0 = Debug|x64
		{B7F3D4E8-F488-4E6F-9CA4-8169BB1BC05D}.Debug|x86.ActiveCfg = Debug|Win32
		{B7F3D4E8-F488-4E6F-9CA4-8169BB1BC05D}.Debug|x86.Build.0 = Debug|Win32
		{B7F3D4E8-F488-4E6F-9CA4-8169BB1BC05D}.Release|x64.ActiveCfg = Release|x64
		{B7F3D4E8-F488-4E6F-9CA4-8169BB1BC05D}.Release|x64.Build.0 = Release|x64
		{B7F3D4E8-F488-4E6F-9CA4-8169BB1BC05D}.Release|x86.ActiveCfg = Release|Win32
		{B7F3D4E8-F488-4E6F-9CA4-8169BB1BC05D}.Release|x86.Build.0 = Release|Win32
	EndGlobalSection
	GlobalSection(SolutionProperties) = preSolution
		HideSolutionNode = FALSE
	EndGlobalSection
	GlobalSection(ExtensibilityGlobals) = postSolution
		SolutionGuid = {9C4ABEC0-D7B0-47E9-B828-89D971164852}
	EndGlobalSection
EndGlobal
